
Microsoft Visual Studio Solution File, Format Version 12.00
# Visual Studio Version 17
VisualStudioVersion = 17.6.33712.159
MinimumVisualStudioVersion = 10.0.40219.1
Project("{FAE04EC0-301F-11D3-BF4B-00C04F79EFBC}") = "ShapeDrawerApp", "ShapeDrawerApp.csproj", "{9B0BE0CD-CCBF-4504-8C20-194A60363194}"
EndProject
Project("{FAE04EC0-301F-11D3-BF4B-00C04F79EFBC}") = "ShapeTest", "..\ShapeTest\ShapeTest.csproj", "{ECC6CEAB-3F84-498A-A961-3DFAD0F658E2}"
	ProjectSection(ProjectDependencies) = postProject
		{9B0BE0CD-CCBF-4504-8C20-194A60363194} = {9B0BE0CD-CCBF-4504-8C20-194A60363194}
	EndProjectSection
EndProject
Global
	GlobalSection(SolutionConfigurationPlatforms) = preSolution
		Debug|Any CPU = Debug|Any CPU
		Release|Any CPU = Release|Any CPU
	EndGlobalSection
	GlobalSection(ProjectConfigurationPlatforms) = postSolution
		{9B0BE0CD-CCBF-4504-8C20-194A60363194}.Debug|Any CPU.ActiveCfg = Debug|Any CPU
		{9B0BE0CD-CCBF-4504-8C20-194A60363194}.Debug|Any CPU.Build.0 = Debug|Any CPU
		{9B0BE0CD-CCBF-4504-8C20-194A60363194}.Release|Any CPU.ActiveCfg = Release|Any CPU
		{9B0BE0CD-CCBF-4504-8C20-194A60363194}.Release|Any CPU.Build.0 = Release|Any CPU
		{ECC6CEAB-3F84-498A-A961-3DFAD0F658E2}.Debug|Any CPU.ActiveCfg = Debug|Any CPU
		{ECC6CEAB-3F84-498A-A961-3DFAD0F658E2}.Debug|Any CPU.Build.0 = Debug|Any CPU
		{ECC6CEAB-3F84-498A-A961-3DFAD0F658E2}.Release|Any CPU.ActiveCfg = Release|Any CPU
		{ECC6CEAB-3F84-498A-A961-3DFAD0F658E2}.Release|Any CPU.Build.0 = Release|Any CPU
	EndGlobalSection
	GlobalSection(SolutionProperties) = preSolution
		HideSolutionNode = FALSE
	EndGlobalSection
	GlobalSection(ExtensibilityGlobals) = postSolution
		SolutionGuid = {0014CEF7-F510-48CC-B39D-08160EDF5657}
	EndGlobalSection
EndGlobal
