
Microsoft Visual Studio Solution File, Format Version 12.00
# Visual Studio Version 17
VisualStudioVersion = 17.6.33712.159
MinimumVisualStudioVersion = 10.0.40219.1
Project("{FAE04EC0-301F-11D3-BF4B-00C04F79EFBC}") = "99Bottles", "99Bottles.csproj", "{B04243C5-0EA3-41E6-B7FF-93F6AD2F8B53}"
EndProject
Project("{FAE04EC0-301F-11D3-BF4B-00C04F79EFBC}") = "99bottlesTest", "..\99bottlesTest\99bottlesTest.csproj", "{C625FF6F-4BBC-468A-863F-81046D94A2C6}"
	ProjectSection(ProjectDependencies) = postProject
		{B04243C5-0EA3-41E6-B7FF-93F6AD2F8B53} = {B04243C5-0EA3-41E6-B7FF-93F6AD2F8B53}
	EndProjectSection
EndProject
Global
	GlobalSection(SolutionConfigurationPlatforms) = preSolution
		Debug|Any CPU = Debug|Any CPU
		Release|Any CPU = Release|Any CPU
	EndGlobalSection
	GlobalSection(ProjectConfigurationPlatforms) = postSolution
		{B04243C5-0EA3-41E6-B7FF-93F6AD2F8B53}.Debug|Any CPU.ActiveCfg = Debug|Any CPU
		{B04243C5-0EA3-41E6-B7FF-93F6AD2F8B53}.Debug|Any CPU.Build.0 = Debug|Any CPU
		{B04243C5-0EA3-41E6-B7FF-93F6AD2F8B53}.Release|Any CPU.ActiveCfg = Release|Any CPU
		{B04243C5-0EA3-41E6-B7FF-93F6AD2F8B53}.Release|Any CPU.Build.0 = Release|Any CPU
		{C625FF6F-4BBC-468A-863F-81046D94A2C6}.Debug|Any CPU.ActiveCfg = Debug|Any CPU
		{C625FF6F-4BBC-468A-863F-81046D94A2C6}.Debug|Any CPU.Build.0 = Debug|Any CPU
		{C625FF6F-4BBC-468A-863F-81046D94A2C6}.Release|Any CPU.ActiveCfg = Release|Any CPU
		{C625FF6F-4BBC-468A-863F-81046D94A2C6}.Release|Any CPU.Build.0 = Release|Any CPU
	EndGlobalSection
	GlobalSection(SolutionProperties) = preSolution
		HideSolutionNode = FALSE
	EndGlobalSection
	GlobalSection(ExtensibilityGlobals) = postSolution
		SolutionGuid = {EC03D596-93E6-471A-8C96-9E80CDCAC1E2}
	EndGlobalSection
EndGlobal
